
Microsoft Visual Studio Solution File, Format Version 12.00
# Visual Studio Version 17
VisualStudioVersion = 17.11.35222.181
MinimumVisualStudioVersion = 10.0.40219.1
Project("{FAE04EC0-301F-11D3-BF4B-00C04F79EFBC}") = "OnlinebookingSystem", "WebApplication1\OnlinebookingSystem.csproj", "{6757E86F-EF7B-4EA4-94DB-CC3C6933C75F}"
EndProject
Global
	GlobalSection(SolutionConfigurationPlatforms) = preSolution
		Debug|Any CPU = Debug|Any CPU
		Release|Any CPU = Release|Any CPU
	EndGlobalSection
	GlobalSection(ProjectConfigurationPlatforms) = postSolution
		{6757E86F-EF7B-4EA4-94DB-CC3C6933C75F}.Debug|Any CPU.ActiveCfg = Debug|Any CPU
		{6757E86F-EF7B-4EA4-94DB-CC3C6933C75F}.Debug|Any CPU.Build.0 = Debug|Any CPU
		{6757E86F-EF7B-4EA4-94DB-CC3C6933C75F}.Release|Any CPU.ActiveCfg = Release|Any CPU
		{6757E86F-EF7B-4EA4-94DB-CC3C6933C75F}.Release|Any CPU.Build.0 = Release|Any CPU
	EndGlobalSection
	GlobalSection(SolutionProperties) = preSolution
		HideSolutionNode = FALSE
	EndGlobalSection
	GlobalSection(ExtensibilityGlobals) = postSolution
		SolutionGuid = {D539F01F-F3A0-4DD4-86E7-68ECA08D9BC0}
	EndGlobalSection
EndGlobal
